
Microsoft Visual Studio Solution File, Format Version 12.00
# Visual Studio Version 16
VisualStudioVersion = 16.0.33423.256
MinimumVisualStudioVersion = 10.0.40219.1
Project("{FAE04EC0-301F-11D3-BF4B-00C04F79EFBC}") = "UAMS_with_Layers", "UAMS_with_Layers\UAMS_with_Layers.csproj", "{7820D413-63FB-404C-8522-8D72A65C94D6}"
EndProject
Global
	GlobalSection(SolutionConfigurationPlatforms) = preSolution
		Debug|Any CPU = Debug|Any CPU
		Release|Any CPU = Release|Any CPU
	EndGlobalSection
	GlobalSection(ProjectConfigurationPlatforms) = postSolution
		{7820D413-63FB-404C-8522-8D72A65C94D6}.Debug|Any CPU.ActiveCfg = Debug|Any CPU
		{7820D413-63FB-404C-8522-8D72A65C94D6}.Debug|Any CPU.Build.0 = Debug|Any CPU
		{7820D413-63FB-404C-8522-8D72A65C94D6}.Release|Any CPU.ActiveCfg = Release|Any CPU
		{7820D413-63FB-404C-8522-8D72A65C94D6}.Release|Any CPU.Build.0 = Release|Any CPU
	EndGlobalSection
	GlobalSection(SolutionProperties) = preSolution
		HideSolutionNode = FALSE
	EndGlobalSection
	GlobalSection(ExtensibilityGlobals) = postSolution
		SolutionGuid = {A4C7A68E-B580-4461-AF25-3090099F8CC0}
	EndGlobalSection
EndGlobal
